<?xml version="1.0" encoding="utf-8"?>
<Project ToolsVersion="4.0" xmlns="http://schemas.microsoft.com/developer/msbuild/2003">
  <ItemGroup>
    <Filter Include="ソース ファイル">
      <UniqueIdentifier>{4FC737F1-C7A5-4376-A066-2A32D752A2FF}</UniqueIdentifier>
      <Extensions>cpp;c;cc;cxx;c++;cppm;ixx;def;odl;idl;hpj;bat;asm;asmx</Extensions>
    </Filter>
    <Filter Include="ヘッダー ファイル">
      <UniqueIdentifier>{93995380-89BD-4b04-88EB-625FBE52EBFB}</UniqueIdentifier>
      <Extensions>h;hh;hpp;hxx;h++;hm;inl;inc;ipp;xsd</Extensions>
    </Filter>
    <Filter Include="リソース ファイル">
      <UniqueIdentifier>{67DA6AB6-F800-4c08-8B7A-83BB121AAD01}</UniqueIdentifier>
      <Extensions>rc;ico;cur;bmp;dlg;rc2;rct;bin;rgs;gif;jpg;jpeg;jpe;resx;tiff;tif;png;wav;mfcribbon-ms</Extensions>
    </Filter>
    <Filter Include="ソース ファイル\State">
      <UniqueIdentifier>{ef91e9e6-8036-4c0a-ab81-e9d644cf018c}</UniqueIdentifier>
    </Filter>
    <Filter Include="ソース ファイル\Object">
      <UniqueIdentifier>{47702059-2c0c-4391-b04c-107aee9ffd0f}</UniqueIdentifier>
    </Filter>
    <Filter Include="ソース ファイル\Player">
      <UniqueIdentifier>{a614a92d-87d2-4ae8-a4e6-5598063f7afa}</UniqueIdentifier>
    </Filter>
    <Filter Include="ソース ファイル\Application">
      <UniqueIdentifier>{4ccf37d5-292e-4809-8c2a-67f88fa9380b}</UniqueIdentifier>
    </Filter>
    <Filter Include="ソース ファイル\Mode">
      <UniqueIdentifier>{73bad608-7d8c-4e1e-8f69-8df1a2b963b3}</UniqueIdentifier>
    </Filter>
    <Filter Include="ソース ファイル\Collision">
      <UniqueIdentifier>{6d9f9e13-26b6-4678-8e3a-e03a14071e0c}</UniqueIdentifier>
    </Filter>
    <Filter Include="ソース ファイル\Model">
      <UniqueIdentifier>{a3b5a32b-6458-425a-a11a-89efd178b44b}</UniqueIdentifier>
    </Filter>
    <Filter Include="ヘッダー ファイル\Object">
      <UniqueIdentifier>{5b7998a5-b8d2-41f0-b3dc-ac6923049e81}</UniqueIdentifier>
    </Filter>
    <Filter Include="ヘッダー ファイル\Player">
      <UniqueIdentifier>{44693d5a-3704-4746-9277-32bdc3c2f66f}</UniqueIdentifier>
    </Filter>
    <Filter Include="ヘッダー ファイル\Stage">
      <UniqueIdentifier>{f455ff30-a860-4b60-847a-2bf7815d7e50}</UniqueIdentifier>
    </Filter>
    <Filter Include="ヘッダー ファイル\Model">
      <UniqueIdentifier>{9b0a386e-e581-4056-9880-801119fcb29d}</UniqueIdentifier>
    </Filter>
    <Filter Include="ヘッダー ファイル\Collision">
      <UniqueIdentifier>{59de26aa-9771-4175-b0b5-34522d875794}</UniqueIdentifier>
    </Filter>
    <Filter Include="ヘッダー ファイル\Camera">
      <UniqueIdentifier>{f26b21d6-8c9c-40b9-bd47-77a8ed4f3002}</UniqueIdentifier>
    </Filter>
    <Filter Include="ヘッダー ファイル\Mode">
      <UniqueIdentifier>{c9f4d031-15b8-439d-95fe-5ea3e3f8ff8d}</UniqueIdentifier>
    </Filter>
    <Filter Include="ヘッダー ファイル\Application">
      <UniqueIdentifier>{512bff20-4d37-4fef-8ed2-955cd5b2c19b}</UniqueIdentifier>
    </Filter>
    <Filter Include="ヘッダー ファイル\State">
      <UniqueIdentifier>{a269dc31-5ad3-40fd-8fa2-82ec1190f2c3}</UniqueIdentifier>
    </Filter>
    <Filter Include="ソース ファイル\Stage">
      <UniqueIdentifier>{2a1d6448-9ebf-43ca-8477-4a6261e00a89}</UniqueIdentifier>
    </Filter>
    <Filter Include="ソース ファイル\State\Jump">
      <UniqueIdentifier>{15bdb17d-af98-4206-b68b-9f1e4fc60cf8}</UniqueIdentifier>
    </Filter>
    <Filter Include="ヘッダー ファイル\State\Jump">
      <UniqueIdentifier>{eccb3026-58d3-4d9a-9398-7677f2a931aa}</UniqueIdentifier>
    </Filter>
    <Filter Include="ヘッダー ファイル\CheckPoint">
      <UniqueIdentifier>{245e110c-04e3-4d00-ae05-62dcfcd05958}</UniqueIdentifier>
    </Filter>
    <Filter Include="ソース ファイル\CheckPoint">
      <UniqueIdentifier>{9acbd6c9-cd2a-4c46-9b3f-688422b9ff06}</UniqueIdentifier>
    </Filter>
    <Filter Include="ソース ファイル\UI">
      <UniqueIdentifier>{af741fef-1c41-483b-a8c4-9a2ac68697f4}</UniqueIdentifier>
    </Filter>
    <Filter Include="ヘッダー ファイル\UI">
      <UniqueIdentifier>{0be92ad8-78f9-4299-a21c-74c951f6defb}</UniqueIdentifier>
    </Filter>
    <Filter Include="ソース ファイル\Camera">
      <UniqueIdentifier>{a7866374-8037-4802-ad38-eb204ea66831}</UniqueIdentifier>
    </Filter>
  </ItemGroup>
  <ItemGroup>
    <ClInclude Include="Source\Camera\CameraManager.h">
      <Filter>ヘッダー ファイル\Camera</Filter>
    </ClInclude>
    <ClInclude Include="Source\Application\GameMain.h">
      <Filter>ヘッダー ファイル\Application</Filter>
    </ClInclude>
    <ClInclude Include="Source\Mode\ModeAmg.h">
      <Filter>ヘッダー ファイル\Mode</Filter>
    </ClInclude>
    <ClInclude Include="Source\Mode\ModeGame.h">
      <Filter>ヘッダー ファイル\Mode</Filter>
    </ClInclude>
    <ClInclude Include="Source\Mode\ModeTeamLogo.h">
      <Filter>ヘッダー ファイル\Mode</Filter>
    </ClInclude>
    <ClInclude Include="Source\Mode\ModeTitle.h">
      <Filter>ヘッダー ファイル\Mode</Filter>
    </ClInclude>
    <ClInclude Include="Source\Object\ObjectBase.h">
      <Filter>ヘッダー ファイル\Object</Filter>
    </ClInclude>
    <ClInclude Include="Source\Object\ObjectFactory.h">
      <Filter>ヘッダー ファイル\Object</Filter>
    </ClInclude>
    <ClInclude Include="Source\Object\ObjectServer.h">
      <Filter>ヘッダー ファイル\Object</Filter>
    </ClInclude>
    <ClInclude Include="Source\Mode\ModeMain.h">
      <Filter>ヘッダー ファイル\Mode</Filter>
    </ClInclude>
    <ClInclude Include="Source\Player\Player.h">
      <Filter>ヘッダー ファイル\Player</Filter>
    </ClInclude>
    <ClInclude Include="Source\Model\ModelManager.h">
      <Filter>ヘッダー ファイル\Model</Filter>
    </ClInclude>
    <ClInclude Include="Source\Model\ModelAnimeManager.h">
      <Filter>ヘッダー ファイル\Model</Filter>
    </ClInclude>
    <ClInclude Include="Source\State\StateIdle.h">
      <Filter>ヘッダー ファイル\State</Filter>
    </ClInclude>
    <ClInclude Include="Source\State\StateManager.h">
      <Filter>ヘッダー ファイル\State</Filter>
    </ClInclude>
    <ClInclude Include="Source\State\StateBase.h">
      <Filter>ヘッダー ファイル\State</Filter>
    </ClInclude>
    <ClInclude Include="Source\Stage\Stage.h">
      <Filter>ヘッダー ファイル\Stage</Filter>
    </ClInclude>
    <ClInclude Include="Source\Collision\CollisionManager.h">
      <Filter>ヘッダー ファイル\Collision</Filter>
    </ClInclude>
    <ClInclude Include="Source\State\StateRun.h">
      <Filter>ヘッダー ファイル\State</Filter>
    </ClInclude>
    <ClInclude Include="Source\State\StateJumpFall.h">
      <Filter>ヘッダー ファイル\State\Jump</Filter>
    </ClInclude>
    <ClInclude Include="Source\State\StateJump.h">
      <Filter>ヘッダー ファイル\State\Jump</Filter>
    </ClInclude>
    <ClInclude Include="Source\State\StateJumpUp.h">
      <Filter>ヘッダー ファイル\State\Jump</Filter>
    </ClInclude>
    <ClInclude Include="Source\CheckPoint\CheckPoint.h">
      <Filter>ヘッダー ファイル\CheckPoint</Filter>
    </ClInclude>
    <ClInclude Include="Source\State\StateFall.h">
      <Filter>ヘッダー ファイル\State</Filter>
    </ClInclude>
    <ClInclude Include="Source\Camera\FollowCamera.h">
      <Filter>ヘッダー ファイル\Camera</Filter>
    </ClInclude>
    <ClInclude Include="Source\Mode\ModeClear.h">
      <Filter>ヘッダー ファイル\Mode</Filter>
    </ClInclude>
    <ClInclude Include="Source\CheckPoint\GoalPoint.h">
      <Filter>ヘッダー ファイル\CheckPoint</Filter>
    </ClInclude>
    <ClInclude Include="Source\Mode\ModeLoading.h">
      <Filter>ヘッダー ファイル\Mode</Filter>
    </ClInclude>
    <ClInclude Include="Source\UI\UI.h">
      <Filter>ヘッダー ファイル\UI</Filter>
    </ClInclude>
    <ClInclude Include="Source\Player\Girl.h">
      <Filter>ヘッダー ファイル\Player</Filter>
    </ClInclude>
  </ItemGroup>
  <ItemGroup>
    <ClCompile Include="Source\Camera\CameraManager.cpp">
      <Filter>ソース ファイル\Camera</Filter>
    </ClCompile>
    <ClCompile Include="Source\Collision\CollisionManager.cpp">
      <Filter>ソース ファイル\Collision</Filter>
    </ClCompile>
    <ClCompile Include="Source\Mode\ModeAmg.cpp">
      <Filter>ソース ファイル\Mode</Filter>
    </ClCompile>
    <ClCompile Include="Source\Mode\ModeGame.cpp">
      <Filter>ソース ファイル\Mode</Filter>
    </ClCompile>
    <ClCompile Include="Source\Mode\ModeTeamLogo.cpp">
      <Filter>ソース ファイル\Mode</Filter>
    </ClCompile>
    <ClCompile Include="Source\Mode\ModeMain.cpp">
      <Filter>ソース ファイル\Mode</Filter>
    </ClCompile>
    <ClCompile Include="Source\Model\ModelManager.cpp">
      <Filter>ソース ファイル\Model</Filter>
    </ClCompile>
    <ClCompile Include="Source\Model\ModelAnimeManager.cpp">
      <Filter>ソース ファイル\Model</Filter>
    </ClCompile>
    <ClCompile Include="Source\Mode\ModeTitle.cpp">
      <Filter>ソース ファイル\Mode</Filter>
    </ClCompile>
    <ClCompile Include="Source\Application\GameMain.cpp">
      <Filter>ソース ファイル\Application</Filter>
    </ClCompile>
    <ClCompile Include="Source\Object\ObjectBase.cpp">
      <Filter>ソース ファイル\Object</Filter>
    </ClCompile>
    <ClCompile Include="Source\Object\ObjectFactory.cpp">
      <Filter>ソース ファイル\Object</Filter>
    </ClCompile>
    <ClCompile Include="Source\Object\ObjectServer.cpp">
      <Filter>ソース ファイル\Object</Filter>
    </ClCompile>
    <ClCompile Include="Source\Player\Player.cpp">
      <Filter>ソース ファイル\Player</Filter>
    </ClCompile>
    <ClCompile Include="Source\Stage\Stage.cpp">
      <Filter>ソース ファイル\Stage</Filter>
    </ClCompile>
    <ClCompile Include="Source\State\StateBase.cpp">
      <Filter>ソース ファイル\State</Filter>
    </ClCompile>
    <ClCompile Include="Source\State\StateIdle.cpp">
      <Filter>ソース ファイル\State</Filter>
    </ClCompile>
    <ClCompile Include="Source\State\StateManager.cpp">
      <Filter>ソース ファイル\State</Filter>
    </ClCompile>
    <ClCompile Include="Source\State\StateRun.cpp">
      <Filter>ソース ファイル\State</Filter>
    </ClCompile>
    <ClCompile Include="Source\State\StateJump.cpp">
      <Filter>ソース ファイル\State\Jump</Filter>
    </ClCompile>
    <ClCompile Include="Source\State\StateJumpFall.cpp">
      <Filter>ソース ファイル\State\Jump</Filter>
    </ClCompile>
    <ClCompile Include="Source\State\StateJumpUp.cpp">
      <Filter>ソース ファイル\State\Jump</Filter>
    </ClCompile>
    <ClCompile Include="Source\CheckPoint\CheckPoint.cpp">
      <Filter>ソース ファイル\CheckPoint</Filter>
    </ClCompile>
    <ClCompile Include="Source\State\StateFall.cpp">
      <Filter>ソース ファイル\State</Filter>
    </ClCompile>
    <ClCompile Include="Source\Camera\FollowCamera.cpp">
      <Filter>ソース ファイル\Camera</Filter>
    </ClCompile>
    <ClCompile Include="Source\Mode\ModeClear.cpp">
      <Filter>ソース ファイル\Mode</Filter>
    </ClCompile>
    <ClCompile Include="Source\CheckPoint\GoalPoint.cpp">
      <Filter>ソース ファイル\CheckPoint</Filter>
    </ClCompile>
    <ClCompile Include="Source\Mode\ModeLoading.cpp">
      <Filter>ソース ファイル\Mode</Filter>
    </ClCompile>
    <ClCompile Include="Source\UI\UI.cpp">
      <Filter>ソース ファイル\UI</Filter>
    </ClCompile>
    <ClCompile Include="Source\Player\Girl.cpp">
      <Filter>ソース ファイル\Player</Filter>
    </ClCompile>
  </ItemGroup>
  <ItemGroup>
    <None Include="packages.config" />
  </ItemGroup>
</Project>